
Microsoft Visual Studio Solution File, Format Version 12.00
# Visual Studio Version 16
VisualStudioVersion = 16.0.31515.178
MinimumVisualStudioVersion = 10.0.40219.1
Project("{FAE04EC0-301F-11D3-BF4B-00C04F79EFBC}") = "GitHubMonitor App", "GitHubMonitor App\GitHubMonitor App.csproj", "{F1F86936-836C-4EDB-A434-E1ADEED01C9C}"
EndProject
Global
	GlobalSection(SolutionConfigurationPlatforms) = preSolution
		Debug|Any CPU = Debug|Any CPU
		Release|Any CPU = Release|Any CPU
	EndGlobalSection
	GlobalSection(ProjectConfigurationPlatforms) = postSolution
		{F1F86936-836C-4EDB-A434-E1ADEED01C9C}.Debug|Any CPU.ActiveCfg = Debug|Any CPU
		{F1F86936-836C-4EDB-A434-E1ADEED01C9C}.Debug|Any CPU.Build.0 = Debug|Any CPU
		{F1F86936-836C-4EDB-A434-E1ADEED01C9C}.Release|Any CPU.ActiveCfg = Release|Any CPU
		{F1F86936-836C-4EDB-A434-E1ADEED01C9C}.Release|Any CPU.Build.0 = Release|Any CPU
	EndGlobalSection
	GlobalSection(SolutionProperties) = preSolution
		HideSolutionNode = FALSE
	EndGlobalSection
	GlobalSection(ExtensibilityGlobals) = postSolution
		SolutionGuid = {56942453-65B7-427B-A874-F6FA770FCE21}
	EndGlobalSection
EndGlobal
